
Microsoft Visual Studio Solution File, Format Version 12.00
# Visual Studio Version 16
VisualStudioVersion = 16.0.30804.86
MinimumVisualStudioVersion = 10.0.40219.1
Project("{FAE04EC0-301F-11D3-BF4B-00C04F79EFBC}") = "AnimaAnimals", "AnimaAnimals.csproj", "{25F58514-337F-4937-8EF4-2E6BB101DC86}"
EndProject
Global
	GlobalSection(SolutionConfigurationPlatforms) = preSolution
		Debug|Any CPU = Debug|Any CPU
		Release|Any CPU = Release|Any CPU
	EndGlobalSection
	GlobalSection(ProjectConfigurationPlatforms) = postSolution
		{25F58514-337F-4937-8EF4-2E6BB101DC86}.Debug|Any CPU.ActiveCfg = Debug|Any CPU
		{25F58514-337F-4937-8EF4-2E6BB101DC86}.Debug|Any CPU.Build.0 = Debug|Any CPU
		{25F58514-337F-4937-8EF4-2E6BB101DC86}.Release|Any CPU.ActiveCfg = Release|Any CPU
		{25F58514-337F-4937-8EF4-2E6BB101DC86}.Release|Any CPU.Build.0 = Release|Any CPU
	EndGlobalSection
	GlobalSection(SolutionProperties) = preSolution
		HideSolutionNode = FALSE
	EndGlobalSection
	GlobalSection(ExtensibilityGlobals) = postSolution
		SolutionGuid = {802EA0C8-564E-47C5-B7A6-B0B741990B66}
	EndGlobalSection
EndGlobal
